// !$*UTF8*$!
{
	archiveVersion = 1;
	classes = {
	};
	objectVersion = 46;
	objects = {

/* Begin PBXBuildFile section */
		08BFF1591AB7FE2100083881 /* skiplist.c in Sources */ = {isa = PBXBuildFile; fileRef = 08BFF1581AB7FE2100083881 /* skiplist.c */; };
		08BFF15B1AB808A200083881 /* main.c in Sources */ = {isa = PBXBuildFile; fileRef = 08BFF15A1AB808A200083881 /* main.c */; };
/* End PBXBuildFile section */

/* Begin PBXCopyFilesBuildPhase section */
		08BFF14A1AB7FD8000083881 /* CopyFiles */ = {
			isa = PBXCopyFilesBuildPhase;
			buildActionMask = 2147483647;
			dstPath = /usr/share/man/man1/;
			dstSubfolderSpec = 0;
			files = (
			);
			runOnlyForDeploymentPostprocessing = 1;
		};
/* End PBXCopyFilesBuildPhase section */

/* Begin PBXFileReference section */
		08BFF14C1AB7FD8000083881 /* skiplist */ = {isa = PBXFileReference; explicitFileType = "compiled.mach-o.executable"; includeInIndex = 0; path = skiplist; sourceTree = BUILT_PRODUCTS_DIR; };
		08BFF1571AB7FDE600083881 /* skiplist.h */ = {isa = PBXFileReference; lastKnownFileType = sourcecode.c.h; path = skiplist.h; sourceTree = "<group>"; };
		08BFF1581AB7FE2100083881 /* skiplist.c */ = {isa = PBXFileReference; fileEncoding = 4; lastKnownFileType = sourcecode.c.c; path = skiplist.c; sourceTree = "<group>"; };
		08BFF15A1AB808A200083881 /* main.c */ = {isa = PBXFileReference; fileEncoding = 4; lastKnownFileType = sourcecode.c.c; path = main.c; sourceTree = "<group>"; };
/* End PBXFileReference section */

/* Begin PBXFrameworksBuildPhase section */
		08BFF1491AB7FD8000083881 /* Frameworks */ = {
			isa = PBXFrameworksBuildPhase;
			buildActionMask = 2147483647;
			files = (
			);
			runOnlyForDeploymentPostprocessing = 0;
		};
/* End PBXFrameworksBuildPhase section */

/* Begin PBXGroup section */
		08BFF1431AB7FD8000083881 = {
			isa = PBXGroup;
			children = (
				08BFF14E1AB7FD8000083881 /* skiplist */,
				08BFF14D1AB7FD8000083881 /* Products */,
			);
			sourceTree = "<group>";
		};
		08BFF14D1AB7FD8000083881 /* Products */ = {
			isa = PBXGroup;
			children = (
				08BFF14C1AB7FD8000083881 /* skiplist */,
			);
			name = Products;
			sourceTree = "<group>";
		};
		08BFF14E1AB7FD8000083881 /* skiplist */ = {
			isa = PBXGroup;
			children = (
				08BFF1571AB7FDE600083881 /* skiplist.h */,
				08BFF1581AB7FE2100083881 /* skiplist.c */,
				08BFF15A1AB808A200083881 /* main.c */,
			);
			path = skiplist;
			sourceTree = "<group>";
		};
/* End PBXGroup section */

/* Begin PBXNativeTarget section */
		08BFF14B1AB7FD8000083881 /* skiplist */ = {
			isa = PBXNativeTarget;
			buildConfigurationList = 08BFF1531AB7FD8000083881 /* Build configuration list for PBXNativeTarget "skiplist" */;
			buildPhases = (
				08BFF1481AB7FD8000083881 /* Sources */,
				08BFF1491AB7FD8000083881 /* Frameworks */,
				08BFF14A1AB7FD8000083881 /* CopyFiles */,
			);
			buildRules = (
			);
			dependencies = (
			);
			name = skiplist;
			productName = skiplist;
			productReference = 08BFF14C1AB7FD8000083881 /* skiplist */;
			productType = "com.apple.product-type.tool";
		};
/* End PBXNativeTarget section */

/* Begin PBXProject section */
		08BFF1441AB7FD8000083881 /* Project object */ = {
			isa = PBXProject;
			attributes = {
				LastUpgradeCheck = 0620;
				ORGANIZATIONNAME = leah;
				TargetAttributes = {
					08BFF14B1AB7FD8000083881 = {
						CreatedOnToolsVersion = 6.2;
					};
				};
			};
			buildConfigurationList = 08BFF1471AB7FD8000083881 /* Build configuration list for PBXProject "skiplist" */;
			compatibilityVersion = "Xcode 3.2";
			developmentRegion = English;
			hasScannedForEncodings = 0;
			knownRegions = (
				en,
			);
			mainGroup = 08BFF1431AB7FD8000083881;
			productRefGroup = 08BFF14D1AB7FD8000083881 /* Products */;
			projectDirPath = "";
			projectRoot = "";
			targets = (
				08BFF14B1AB7FD8000083881 /* skiplist */,
			);
		};
/* End PBXProject section */

/* Begin PBXSourcesBuildPhase section */
		08BFF1481AB7FD8000083881 /* Sources */ = {
			isa = PBXSourcesBuildPhase;
			buildActionMask = 2147483647;
			files = (
				08BFF15B1AB808A200083881 /* main.c in Sources */,
				08BFF1591AB7FE2100083881 /* skiplist.c in Sources */,
			);
			runOnlyForDeploymentPostprocessing = 0;
		};
/* End PBXSourcesBuildPhase section */

/* Begin XCBuildConfiguration section */
		08BFF1511AB7FD8000083881 /* Debug */ = {
			isa = XCBuildConfiguration;
			buildSettings = {
				ALWAYS_SEARCH_USER_PATHS = NO;
				CLANG_CXX_LANGUAGE_STANDARD = "gnu++0x";
				CLANG_CXX_LIBRARY = "libc++";
				CLANG_ENABLE_MODULES = YES;
				CLANG_ENABLE_OBJC_ARC = YES;
				CLANG_WARN_BOOL_CONVERSION = YES;
				CLANG_WARN_CONSTANT_CONVERSION = YES;
				CLANG_WARN_DIRECT_OBJC_ISA_USAGE = YES_ERROR;
				CLANG_WARN_EMPTY_BODY = YES;
				CLANG_WARN_ENUM_CONVERSION = YES;
				CLANG_WARN_INT_CONVERSION = YES;
				CLANG_WARN_OBJC_ROOT_CLASS = YES_ERROR;
				CLANG_WARN_UNREACHABLE_CODE = YES;
				CLANG_WARN__DUPLICATE_METHOD_MATCH = YES;
				COPY_PHASE_STRIP = NO;
				ENABLE_STRICT_OBJC_MSGSEND = YES;
				GCC_C_LANGUAGE_STANDARD = gnu99;
				GCC_DYNAMIC_NO_PIC = NO;
				GCC_OPTIMIZATION_LEVEL = 0;
				GCC_PREPROCESSOR_DEFINITIONS = (
					"DEBUG=1",
					"$(inherited)",
				);
				GCC_SYMBOLS_PRIVATE_EXTERN = NO;
				GCC_WARN_64_TO_32_BIT_CONVERSION = YES;
				GCC_WARN_ABOUT_RETURN_TYPE = YES_ERROR;
				GCC_WARN_UNDECLARED_SELECTOR = YES;
				GCC_WARN_UNINITIALIZED_AUTOS = YES_AGGRESSIVE;
				GCC_WARN_UNUSED_FUNCTION = YES;
				GCC_WARN_UNUSED_VARIABLE = YES;
				MACOSX_DEPLOYMENT_TARGET = 10.10;
				MTL_ENABLE_DEBUG_INFO = YES;
				ONLY_ACTIVE_ARCH = YES;
				SDKROOT = macosx;
			};
			name = Debug;
		};
		08BFF1521AB7FD8000083881 /* Release */ = {
			isa = XCBuildConfiguration;
			buildSettings = {
				ALWAYS_SEARCH_USER_PATHS = NO;
				CLANG_CXX_LANGUAGE_STANDARD = "gnu++0x";
				CLANG_CXX_LIBRARY = "libc++";
				CLANG_ENABLE_MODULES = YES;
				CLANG_ENABLE_OBJC_ARC = YES;
				CLANG_WARN_BOOL_CONVERSION = YES;
				CLANG_WARN_CONSTANT_CONVERSION = YES;
				CLANG_WARN_DIRECT_OBJC_ISA_USAGE = YES_ERROR;
				CLANG_WARN_EMPTY_BODY = YES;
				CLANG_WARN_ENUM_CONVERSION = YES;
				CLANG_WARN_INT_CONVERSION = YES;
				CLANG_WARN_OBJC_ROOT_CLASS = YES_ERROR;
				CLANG_WARN_UNREACHABLE_CODE = YES;
				CLANG_WARN__DUPLICATE_METHOD_MATCH = YES;
				COPY_PHASE_STRIP = NO;
				DEBUG_INFORMATION_FORMAT = "dwarf-with-dsym";
				ENABLE_NS_ASSERTIONS = NO;
				ENABLE_STRICT_OBJC_MSGSEND = YES;
				GCC_C_LANGUAGE_STANDARD = gnu99;
				GCC_WARN_64_TO_32_BIT_CONVERSION = YES;
				GCC_WARN_ABOUT_RETURN_TYPE = YES_ERROR;
				GCC_WARN_UNDECLARED_SELECTOR = YES;
				GCC_WARN_UNINITIALIZED_AUTOS = YES_AGGRESSIVE;
				GCC_WARN_UNUSED_FUNCTION = YES;
				GCC_WARN_UNUSED_VARIABLE = YES;
				MACOSX_DEPLOYMENT_TARGET = 10.10;
				MTL_ENABLE_DEBUG_INFO = NO;
				SDKROOT = macosx;
			};
			name = Release;
		};
		08BFF1541AB7FD8000083881 /* Debug */ = {
			isa = XCBuildConfiguration;
			buildSettings = {
				PRODUCT_NAME = "$(TARGET_NAME)";
			};
			name = Debug;
		};
		08BFF1551AB7FD8000083881 /* Release */ = {
			isa = XCBuildConfiguration;
			buildSettings = {
				PRODUCT_NAME = "$(TARGET_NAME)";
			};
			name = Release;
		};
/* End XCBuildConfiguration section */

/* Begin XCConfigurationList section */
		08BFF1471AB7FD8000083881 /* Build configuration list for PBXProject "skiplist" */ = {
			isa = XCConfigurationList;
			buildConfigurations = (
				08BFF1511AB7FD8000083881 /* Debug */,
				08BFF1521AB7FD8000083881 /* Release */,
			);
			defaultConfigurationIsVisible = 0;
			defaultConfigurationName = Release;
		};
		08BFF1531AB7FD8000083881 /* Build configuration list for PBXNativeTarget "skiplist" */ = {
			isa = XCConfigurationList;
			buildConfigurations = (
				08BFF1541AB7FD8000083881 /* Debug */,
				08BFF1551AB7FD8000083881 /* Release */,
			);
			defaultConfigurationIsVisible = 0;
			defaultConfigurationName = Release;
		};
/* End XCConfigurationList section */
	};
	rootObject = 08BFF1441AB7FD8000083881 /* Project object */;
}
